# THIS IS AN AUTOGENERATED FILE. DO NOT EDIT THIS FILE DIRECTLY.
# yarn lockfile v1


"@ayanaware/bento@^1.0.0-rc.25":
  version "1.0.0-rc.25"
  resolved "https://registry.yarnpkg.com/@ayanaware/bento/-/bento-1.0.0-rc.25.tgz#4b0062915e0cc4fdabaeb8877242c549521ecfd2"
  integrity sha512-s9ThBu0wRV/7uK68QYn32V7jBqdGgXj7DwFCECPghj/Ix9Mvl5LG/Lr8kAAIJiBjVyUX2RNZm8O5PlS5zyplwg==
  dependencies:
    "@ayanaware/errors" "^1.1.0"
    "@ayanaware/logger-api" "^2.0.0"
    reflect-metadata "^0.1.13"

"@ayanaware/bentocord@../build":
  version "0.0.0"

"@ayanaware/errors@^1.1.0":
  version "1.1.0"
  resolved "https://registry.yarnpkg.com/@ayanaware/errors/-/errors-1.1.0.tgz#f2cb5c73d60e9236d7e5c0b97a76083184f79a80"
  integrity sha512-YJixth1wsnzUbwXwKDmP4f9b7eBmuLL6/8sgeAAvlQlUHxBdcAafKjk655OvsGqoqYoHiM6CKx1coN8Lews+ZA==

"@ayanaware/logger-api@^2.0.0":
  version "2.0.0"
  resolved "https://registry.yarnpkg.com/@ayanaware/logger-api/-/logger-api-2.0.0.tgz#f25538110c184a951580b21601088eb1194f0960"
  integrity sha512-94qXdjjPWpizWbHCLRdZ5EHG3qZP2MsLxZwRJOduD5e66KeVnoxibW9rInzlfPRXvUTwn+pP0j5vVVh4WuZgPg==

"@ayanaware/logger@^2.0.0-beta.3":
  version "2.2.1"
  resolved "https://registry.yarnpkg.com/@ayanaware/logger/-/logger-2.2.1.tgz#c3ea6fb804d598020631ba83b477ac035d8dadb4"
  integrity sha512-POi1s4Fbe4c2XUIV+85zQT9V23+0luu52SIrYiYxXBofirE9omFXhatUOERppZXnY8A9hJoCjl3kvdMkWybGag==
  dependencies:
    fecha "^4.1.0"

"@types/node@^16.9.1":
  version "16.9.1"
  resolved "https://registry.yarnpkg.com/@types/node/-/node-16.9.1.tgz#0611b37db4246c937feef529ddcc018cf8e35708"
  integrity sha512-QpLcX9ZSsq3YYUUnD3nFDY8H7wctAhQj/TFKL8Ya8v5fMm3CFXxo8zStsLAl780ltoYoo1WvKUVGBQK+1ifr7g==

eris@^0.15.1:
  version "0.15.1"
  resolved "https://registry.yarnpkg.com/eris/-/eris-0.15.1.tgz#6b44e6d4675c271def7484725a0edede9e798960"
  integrity sha512-IQ3BPW6OjgFoqjdh+irPOa1jFlkotk+WNu2GQQ7QAQfbzQEPZgn+F+hpOxfMUXPHOZMX4sPKLkVDkMHAssBYhw==
  dependencies:
    ws "^7.2.1"
  optionalDependencies:
    opusscript "^0.0.8"
    tweetnacl "^1.0.1"

fecha@^4.1.0:
  version "4.2.1"
  resolved "https://registry.yarnpkg.com/fecha/-/fecha-4.2.1.tgz#0a83ad8f86ef62a091e22bb5a039cd03d23eecce"
  integrity sha512-MMMQ0ludy/nBs1/o0zVOiKTpG7qMbonKUzjJgQFEuvq6INZ1OraKPRAWkBq5vlKLOUMpmNYG1JoN3oDPUQ9m3Q==

opusscript@^0.0.8:
  version "0.0.8"
  resolved "https://registry.yarnpkg.com/opusscript/-/opusscript-0.0.8.tgz#00b49e81281b4d99092d013b1812af8654bd0a87"
  integrity sha512-VSTi1aWFuCkRCVq+tx/BQ5q9fMnQ9pVZ3JU4UHKqTkf0ED3fKEPdr+gKAAl3IA2hj9rrP6iyq3hlcJq3HELtNQ==

reflect-metadata@^0.1.13:
  version "0.1.13"
  resolved "https://registry.yarnpkg.com/reflect-metadata/-/reflect-metadata-0.1.13.tgz#67ae3ca57c972a2aa1642b10fe363fe32d49dc08"
  integrity sha512-Ts1Y/anZELhSsjMcU605fU9RE4Oi3p5ORujwbIKXfWa+0Zxs510Qrmrce5/Jowq3cHSZSJqBjypxmHarc+vEWg==

tweetnacl@^1.0.1:
  version "1.0.3"
  resolved "https://registry.yarnpkg.com/tweetnacl/-/tweetnacl-1.0.3.tgz#ac0af71680458d8a6378d0d0d050ab1407d35596"
  integrity sha512-6rt+RN7aOi1nGMyC4Xa5DdYiukl2UWCbcJft7YhxReBGQD7OAM8Pbxw6YMo4r2diNEA8FEmu32YOn9rhaiE5yw==

typescript@^4.4.3:
  version "4.4.3"
  resolved "https://registry.yarnpkg.com/typescript/-/typescript-4.4.3.tgz#bdc5407caa2b109efd4f82fe130656f977a29324"
  integrity sha512-4xfscpisVgqqDfPaJo5vkd+Qd/ItkoagnHpufr+i2QCHBsNYp+G7UAoyFl8aPtx879u38wPV65rZ8qbGZijalA==

ws@^7.2.1:
  version "7.5.5"
  resolved "https://registry.yarnpkg.com/ws/-/ws-7.5.5.tgz#8b4bc4af518cfabd0473ae4f99144287b33eb881"
  integrity sha512-BAkMFcAzl8as1G/hArkxOxq3G7pjUqQ3gzYbLL0/5zNkph70e+lCoxBGnm6AW1+/aiNeV4fnKqZ8m4GZewmH2w==
