# THIS IS AN AUTOGENERATED FILE. DO NOT EDIT THIS FILE DIRECTLY.
# yarn lockfile v1


"@ayanaware/bento@^1.0.0-rc.29":
  version "1.0.0-rc.29"
  resolved "https://registry.yarnpkg.com/@ayanaware/bento/-/bento-1.0.0-rc.29.tgz#dec1c037e6e3076bb049ea7e45f6a5b8168c181b"
  integrity sha512-wLnPnpKGyT7dcuFLoNYgQyxwX4deRpg2Sfn81i9Qz1F9z2TR154dtRzWpS/yyYN+xkAXbms9mQXfir4pnBOykw==
  dependencies:
    "@ayanaware/errors" "^1.1.0"
    "@ayanaware/logger-api" "^2.1.0"
    reflect-metadata "^0.1.13"

"@ayanaware/bentocord@../build":
  version "0.0.0"

"@ayanaware/errors@^1.1.0":
  version "1.1.0"
  resolved "https://registry.yarnpkg.com/@ayanaware/errors/-/errors-1.1.0.tgz#f2cb5c73d60e9236d7e5c0b97a76083184f79a80"
  integrity sha512-YJixth1wsnzUbwXwKDmP4f9b7eBmuLL6/8sgeAAvlQlUHxBdcAafKjk655OvsGqoqYoHiM6CKx1coN8Lews+ZA==

"@ayanaware/logger-api@^2.1.0":
  version "2.1.0"
  resolved "https://registry.yarnpkg.com/@ayanaware/logger-api/-/logger-api-2.1.0.tgz#eff230ae91a21f689d3cb3907a0b7d197fb43c6b"
  integrity sha512-lqePbCa80ukykuTUgtg9S7y/SJpHQc7ecXquEvGml+O0jSozGNhv8uPNmY6RxACiizKLE9gz9oPNyPZpvmMp3Q==

"@ayanaware/logger@^2.3.1":
  version "2.3.1"
  resolved "https://registry.yarnpkg.com/@ayanaware/logger/-/logger-2.3.1.tgz#56b5b77371c2bb47fa9214e634464464cdd0e5b5"
  integrity sha512-RD9XqklesPBI6al/+dnWtCQJWtwKVkdSX8IYKrmMJravIuH/7i9eSvq4SdwKT7doz/i/tPGGimB5JTK+l59SeQ==
  dependencies:
    fecha "^4.2.3"

"@types/node@^17.0.40":
  version "17.0.40"
  resolved "https://registry.yarnpkg.com/@types/node/-/node-17.0.40.tgz#76ee88ae03650de8064a6cf75b8d95f9f4a16090"
  integrity sha512-UXdBxNGqTMtm7hCwh9HtncFVLrXoqA3oJW30j6XWp5BH/wu3mVeaxo7cq5benFdBw34HB3XDT2TRPI7rXZ+mDg==

eris@^0.17.0:
  version "0.17.0"
  resolved "https://registry.yarnpkg.com/eris/-/eris-0.17.0.tgz#8d8caa9715eccf27951c9b16ce4249c559ccbb13"
  integrity sha512-ba7fpe104uw86z8fbX7V1ORMblB7jMJoDsRpiy8BKDQo+kNCRuUXB5xfg/VKGtZ944QroBTEZDuyXCBhKOBplQ==
  dependencies:
    ws "^8.2.3"
  optionalDependencies:
    opusscript "^0.0.8"
    tweetnacl "^1.0.3"

fecha@^4.2.3:
  version "4.2.3"
  resolved "https://registry.yarnpkg.com/fecha/-/fecha-4.2.3.tgz#4d9ccdbc61e8629b259fdca67e65891448d569fd"
  integrity sha512-OP2IUU6HeYKJi3i0z4A19kHMQoLVs4Hc+DPqqxI2h/DPZHTm/vjsfC6P0b4jCMy14XizLBqvndQ+UilD7707Jw==

opusscript@^0.0.8:
  version "0.0.8"
  resolved "https://registry.yarnpkg.com/opusscript/-/opusscript-0.0.8.tgz#00b49e81281b4d99092d013b1812af8654bd0a87"
  integrity sha512-VSTi1aWFuCkRCVq+tx/BQ5q9fMnQ9pVZ3JU4UHKqTkf0ED3fKEPdr+gKAAl3IA2hj9rrP6iyq3hlcJq3HELtNQ==

reflect-metadata@^0.1.13:
  version "0.1.13"
  resolved "https://registry.yarnpkg.com/reflect-metadata/-/reflect-metadata-0.1.13.tgz#67ae3ca57c972a2aa1642b10fe363fe32d49dc08"
  integrity sha512-Ts1Y/anZELhSsjMcU605fU9RE4Oi3p5ORujwbIKXfWa+0Zxs510Qrmrce5/Jowq3cHSZSJqBjypxmHarc+vEWg==

tweetnacl@^1.0.3:
  version "1.0.3"
  resolved "https://registry.yarnpkg.com/tweetnacl/-/tweetnacl-1.0.3.tgz#ac0af71680458d8a6378d0d0d050ab1407d35596"
  integrity sha512-6rt+RN7aOi1nGMyC4Xa5DdYiukl2UWCbcJft7YhxReBGQD7OAM8Pbxw6YMo4r2diNEA8FEmu32YOn9rhaiE5yw==

typescript@^4.7.3:
  version "4.7.3"
  resolved "https://registry.yarnpkg.com/typescript/-/typescript-4.7.3.tgz#8364b502d5257b540f9de4c40be84c98e23a129d"
  integrity sha512-WOkT3XYvrpXx4vMMqlD+8R8R37fZkjyLGlxavMc4iB8lrl8L0DeTcHbYgw/v0N/z9wAFsgBhcsF0ruoySS22mA==

ws@^8.2.3:
  version "8.7.0"
  resolved "https://registry.yarnpkg.com/ws/-/ws-8.7.0.tgz#eaf9d874b433aa00c0e0d8752532444875db3957"
  integrity sha512-c2gsP0PRwcLFzUiA8Mkr37/MI7ilIlHQxaEAtd0uNMbVMoy8puJyafRlm0bV9MbGSabUPeLrRRaqIBcFcA2Pqg==
