# THIS IS AN AUTOGENERATED FILE. DO NOT EDIT THIS FILE DIRECTLY.
# yarn lockfile v1


"@ayanaware/bento@^1.0.0-rc.26":
  version "1.0.0-rc.26"
  resolved "https://registry.yarnpkg.com/@ayanaware/bento/-/bento-1.0.0-rc.26.tgz#066183f16a595c6dfafc64eeaaa0ce18b3b62964"
  integrity sha512-3O3uG5vvWMKs1goHI7ElX1uobDtz+71Q37ynYiQGcYYuE3PX+VTWYFBL7VoJVonUeiU6hE8/N/BKK1y+0x8eUg==
  dependencies:
    "@ayanaware/errors" "^1.1.0"
    "@ayanaware/logger-api" "^2.0.0"
    reflect-metadata "^0.1.13"

"@ayanaware/bentocord@../build":
  version "0.0.0"

"@ayanaware/errors@^1.1.0":
  version "1.1.0"
  resolved "https://registry.yarnpkg.com/@ayanaware/errors/-/errors-1.1.0.tgz#f2cb5c73d60e9236d7e5c0b97a76083184f79a80"
  integrity sha512-YJixth1wsnzUbwXwKDmP4f9b7eBmuLL6/8sgeAAvlQlUHxBdcAafKjk655OvsGqoqYoHiM6CKx1coN8Lews+ZA==

"@ayanaware/logger-api@^2.0.0":
  version "2.0.0"
  resolved "https://registry.yarnpkg.com/@ayanaware/logger-api/-/logger-api-2.0.0.tgz#f25538110c184a951580b21601088eb1194f0960"
  integrity sha512-94qXdjjPWpizWbHCLRdZ5EHG3qZP2MsLxZwRJOduD5e66KeVnoxibW9rInzlfPRXvUTwn+pP0j5vVVh4WuZgPg==

"@ayanaware/logger@^2.0.0-beta.3":
  version "2.2.1"
  resolved "https://registry.yarnpkg.com/@ayanaware/logger/-/logger-2.2.1.tgz#c3ea6fb804d598020631ba83b477ac035d8dadb4"
  integrity sha512-POi1s4Fbe4c2XUIV+85zQT9V23+0luu52SIrYiYxXBofirE9omFXhatUOERppZXnY8A9hJoCjl3kvdMkWybGag==
  dependencies:
    fecha "^4.1.0"

"@types/node@^17.0.16":
  version "17.0.29"
  resolved "https://registry.yarnpkg.com/@types/node/-/node-17.0.29.tgz#7f2e1159231d4a077bb660edab0fde373e375a3d"
  integrity sha512-tx5jMmMFwx7wBwq/V7OohKDVb/JwJU5qCVkeLMh1//xycAJ/ESuw9aJ9SEtlCZDYi2pBfe4JkisSoAtbOsBNAA==

eris@^0.16.1:
  version "0.16.1"
  resolved "https://registry.yarnpkg.com/eris/-/eris-0.16.1.tgz#44b0a9220944fc73dd74538cd614826bfbfcde61"
  integrity sha512-fqjgaddSvUlUjA7s85OvZimLrgCwX58Z6FXOIxdNFJdT6XReJ/LOWZKdew2CaalM8BvN2JKzn98HmKYb3zMhKg==
  dependencies:
    ws "^8.2.3"
  optionalDependencies:
    opusscript "^0.0.8"
    tweetnacl "^1.0.3"

fecha@^4.1.0:
  version "4.2.3"
  resolved "https://registry.yarnpkg.com/fecha/-/fecha-4.2.3.tgz#4d9ccdbc61e8629b259fdca67e65891448d569fd"
  integrity sha512-OP2IUU6HeYKJi3i0z4A19kHMQoLVs4Hc+DPqqxI2h/DPZHTm/vjsfC6P0b4jCMy14XizLBqvndQ+UilD7707Jw==

opusscript@^0.0.8:
  version "0.0.8"
  resolved "https://registry.yarnpkg.com/opusscript/-/opusscript-0.0.8.tgz#00b49e81281b4d99092d013b1812af8654bd0a87"
  integrity sha512-VSTi1aWFuCkRCVq+tx/BQ5q9fMnQ9pVZ3JU4UHKqTkf0ED3fKEPdr+gKAAl3IA2hj9rrP6iyq3hlcJq3HELtNQ==

reflect-metadata@^0.1.13:
  version "0.1.13"
  resolved "https://registry.yarnpkg.com/reflect-metadata/-/reflect-metadata-0.1.13.tgz#67ae3ca57c972a2aa1642b10fe363fe32d49dc08"
  integrity sha512-Ts1Y/anZELhSsjMcU605fU9RE4Oi3p5ORujwbIKXfWa+0Zxs510Qrmrce5/Jowq3cHSZSJqBjypxmHarc+vEWg==

tweetnacl@^1.0.3:
  version "1.0.3"
  resolved "https://registry.yarnpkg.com/tweetnacl/-/tweetnacl-1.0.3.tgz#ac0af71680458d8a6378d0d0d050ab1407d35596"
  integrity sha512-6rt+RN7aOi1nGMyC4Xa5DdYiukl2UWCbcJft7YhxReBGQD7OAM8Pbxw6YMo4r2diNEA8FEmu32YOn9rhaiE5yw==

typescript@^4.5.5:
  version "4.6.3"
  resolved "https://registry.yarnpkg.com/typescript/-/typescript-4.6.3.tgz#eefeafa6afdd31d725584c67a0eaba80f6fc6c6c"
  integrity sha512-yNIatDa5iaofVozS/uQJEl3JRWLKKGJKh6Yaiv0GLGSuhpFJe7P3SbHZ8/yjAHRQwKRoA6YZqlfjXWmVzoVSMw==

ws@^8.2.3:
  version "8.5.0"
  resolved "https://registry.yarnpkg.com/ws/-/ws-8.5.0.tgz#bfb4be96600757fe5382de12c670dab984a1ed4f"
  integrity sha512-BWX0SWVgLPzYwF8lTzEy1egjhS4S4OEAHfsO8o65WOVsrnSRGaSiUaa9e0ggGlkMTtBlmOpEXiie9RUcBO86qg==
